
Microsoft Visual Studio Solution File, Format Version 12.00
# Visual Studio 15
Project("{FAE04EC0-301F-11D3-BF4B-00C04F79EFBC}") = "Oculus.Interaction.Editor", "Oculus.Interaction.Editor.csproj", "{6F636900-D4F1-2740-6182-8F91DB787C3A}"
EndProject
Project("{FAE04EC0-301F-11D3-BF4B-00C04F79EFBC}") = "Meta.WitAi.Conduit", "Meta.WitAi.Conduit.csproj", "{BB066C53-3F09-99DC-722B-A6DF5A4D8976}"
EndProject
Project("{FAE04EC0-301F-11D3-BF4B-00C04F79EFBC}") = "Oculus.VR", "Oculus.VR.csproj", "{3828C9DA-FF20-364F-C324-1BFEC9339A86}"
EndProject
Project("{FAE04EC0-301F-11D3-BF4B-00C04F79EFBC}") = "Oculus.Interaction", "Oculus.Interaction.csproj", "{A63C70BB-9551-7AA1-C280-5CF10DE20F96}"
EndProject
Project("{FAE04EC0-301F-11D3-BF4B-00C04F79EFBC}") = "Meta.Voice.Samples.ShapesConduit", "Meta.Voice.Samples.ShapesConduit.csproj", "{265AA695-A09A-DC2B-F241-2923E093CCAF}"
EndProject
Project("{FAE04EC0-301F-11D3-BF4B-00C04F79EFBC}") = "Meta.WitAi.Editor", "Meta.WitAi.Editor.csproj", "{6C3EBB1F-83F4-B258-F1A5-52DAF632D9FA}"
EndProject
Project("{FAE04EC0-301F-11D3-BF4B-00C04F79EFBC}") = "Oculus.Platform", "Oculus.Platform.csproj", "{44F787B9-3770-91B3-B472-A52EDCC960A3}"
EndProject
Project("{FAE04EC0-301F-11D3-BF4B-00C04F79EFBC}") = "VoiceSDK.Telemetry", "VoiceSDK.Telemetry.csproj", "{84413206-EF00-D107-9233-686769FCF288}"
EndProject
Project("{FAE04EC0-301F-11D3-BF4B-00C04F79EFBC}") = "Meta.WitAi.Conduit.Editor", "Meta.WitAi.Conduit.Editor.csproj", "{3147BC88-8911-3ABF-8246-4F1456999EAE}"
EndProject
Project("{FAE04EC0-301F-11D3-BF4B-00C04F79EFBC}") = "Meta.WitAi", "Meta.WitAi.csproj", "{821ED17D-E40C-95B6-4251-D5B7EAA6B6C4}"
EndProject
Project("{FAE04EC0-301F-11D3-BF4B-00C04F79EFBC}") = "Oculus.Interaction.OVR.Samples", "Oculus.Interaction.OVR.Samples.csproj", "{5036D142-1DBB-8BE5-7B87-82E79E30252B}"
EndProject
Project("{FAE04EC0-301F-11D3-BF4B-00C04F79EFBC}") = "Assembly-CSharp", "Assembly-CSharp.csproj", "{43B9222E-1F03-E593-17A2-AF4249A5D521}"
EndProject
Project("{FAE04EC0-301F-11D3-BF4B-00C04F79EFBC}") = "Meta.WitAi.Lib", "Meta.WitAi.Lib.csproj", "{182278E0-E7E1-AE91-CE93-421070139A89}"
EndProject
Project("{FAE04EC0-301F-11D3-BF4B-00C04F79EFBC}") = "Oculus.VR.Editor", "Oculus.VR.Editor.csproj", "{57410B1E-F721-7CCC-BF79-69823D252EF3}"
EndProject
Project("{FAE04EC0-301F-11D3-BF4B-00C04F79EFBC}") = "Meta.Voice.Hub.Runtime", "Meta.Voice.Hub.Runtime.csproj", "{FC9B9247-A795-8AA3-2C16-C8BBD6716AF6}"
EndProject
Project("{FAE04EC0-301F-11D3-BF4B-00C04F79EFBC}") = "Oculus.Interaction.OVR.Editor", "Oculus.Interaction.OVR.Editor.csproj", "{6F8D7D1D-9871-B392-1D0B-ADCA12E4B430}"
EndProject
Project("{FAE04EC0-301F-11D3-BF4B-00C04F79EFBC}") = "VoiceSDK.Dictation.Runtime", "VoiceSDK.Dictation.Runtime.csproj", "{14D0DBC0-90F1-6B2F-1329-D4FBA3F275B4}"
EndProject
Project("{FAE04EC0-301F-11D3-BF4B-00C04F79EFBC}") = "Oculus.LipSync", "Oculus.LipSync.csproj", "{640AD0C9-4ECB-239A-43C2-D42C0C657778}"
EndProject
Project("{FAE04EC0-301F-11D3-BF4B-00C04F79EFBC}") = "Oculus.Interaction.OVR", "Oculus.Interaction.OVR.csproj", "{45BB0446-F0C4-E78A-21E8-FAA804A5E043}"
EndProject
Project("{FAE04EC0-301F-11D3-BF4B-00C04F79EFBC}") = "Meta.Voice.Hub.Editor", "Meta.Voice.Hub.Editor.csproj", "{E13E735C-5C9C-A0CF-26E0-FFF724B120D6}"
EndProject
Project("{FAE04EC0-301F-11D3-BF4B-00C04F79EFBC}") = "VoiceSDK.Editor", "VoiceSDK.Editor.csproj", "{C3AA1E52-4800-A480-2AE6-6A7234B573D3}"
EndProject
Project("{FAE04EC0-301F-11D3-BF4B-00C04F79EFBC}") = "Meta.WitAI.Lib.Editor", "Meta.WitAI.Lib.Editor.csproj", "{0D4C6F1C-2AA7-823D-E7BB-3DE90FDFE3F3}"
EndProject
Project("{FAE04EC0-301F-11D3-BF4B-00C04F79EFBC}") = "Oculus.Spatializer.Editor", "Oculus.Spatializer.Editor.csproj", "{897A98C3-F26A-8D36-1F20-0D071E935C52}"
EndProject
Project("{FAE04EC0-301F-11D3-BF4B-00C04F79EFBC}") = "AssistantCoreSDKRuntime", "AssistantCoreSDKRuntime.csproj", "{C42C672D-6FE2-6887-9DB1-94F4F711D823}"
EndProject
Project("{FAE04EC0-301F-11D3-BF4B-00C04F79EFBC}") = "Oculus.AudioManager", "Oculus.AudioManager.csproj", "{6090425C-DA03-0DF5-B51E-2C7D8281FCE4}"
EndProject
Project("{FAE04EC0-301F-11D3-BF4B-00C04F79EFBC}") = "VoiceSDK.Runtime", "VoiceSDK.Runtime.csproj", "{F7706772-1A9B-2E45-0AFC-08014B911C52}"
EndProject
Project("{FAE04EC0-301F-11D3-BF4B-00C04F79EFBC}") = "Facebook.Wit.Dictation", "Facebook.Wit.Dictation.csproj", "{23ABA852-9552-6C74-68A7-73A1E4E29889}"
EndProject
Project("{FAE04EC0-301F-11D3-BF4B-00C04F79EFBC}") = "Meta.Voice.Samples.BuiltInTimer", "Meta.Voice.Samples.BuiltInTimer.csproj", "{2735C2E4-D21C-6A6D-C64F-DB516F3165EA}"
EndProject
Project("{FAE04EC0-301F-11D3-BF4B-00C04F79EFBC}") = "Oculus.Platform.Editor", "Oculus.Platform.Editor.csproj", "{414DB854-4908-0C71-4373-807CEDD14EF3}"
EndProject
Project("{FAE04EC0-301F-11D3-BF4B-00C04F79EFBC}") = "Meta.XR.BuildingBlocks.Editor", "Meta.XR.BuildingBlocks.Editor.csproj", "{071FA133-E01B-6D86-0948-868798475788}"
EndProject
Project("{FAE04EC0-301F-11D3-BF4B-00C04F79EFBC}") = "Meta.Voice.Samples.TTSVoices", "Meta.Voice.Samples.TTSVoices.csproj", "{7402B49E-4657-811D-0B01-F64E63B2D81F}"
EndProject
Project("{FAE04EC0-301F-11D3-BF4B-00C04F79EFBC}") = "Meta.Voice.VSDKHub.Editor", "Meta.Voice.VSDKHub.Editor.csproj", "{32C26109-B9C0-CAC5-B916-5C945B0E1720}"
EndProject
Project("{FAE04EC0-301F-11D3-BF4B-00C04F79EFBC}") = "Meta.WitAi.TTS", "Meta.WitAi.TTS.csproj", "{EB19F2AA-59EA-A29B-E2EB-BA9F204DBC7E}"
EndProject
Project("{FAE04EC0-301F-11D3-BF4B-00C04F79EFBC}") = "Oculus.AudioManager.Audio.Editor", "Oculus.AudioManager.Audio.Editor.csproj", "{EAB65511-EDB2-F2C1-BBF2-83C20D90ECCE}"
EndProject
Project("{FAE04EC0-301F-11D3-BF4B-00C04F79EFBC}") = "Assembly-CSharp-Editor", "Assembly-CSharp-Editor.csproj", "{FEA95B0D-983B-912D-315F-9B30952DDED9}"
EndProject
Project("{FAE04EC0-301F-11D3-BF4B-00C04F79EFBC}") = "Meta.Voice.Samples.Chess", "Meta.Voice.Samples.Chess.csproj", "{1857F95B-4F4D-3B78-FB03-B24EB3A7D2AE}"
EndProject
Project("{FAE04EC0-301F-11D3-BF4B-00C04F79EFBC}") = "Oculus.VR.Scripts.Editor", "Oculus.VR.Scripts.Editor.csproj", "{3D5E09F7-1E57-3C5E-DBC5-2A8436515146}"
EndProject
Project("{FAE04EC0-301F-11D3-BF4B-00C04F79EFBC}") = "Meta.Voice.Samples.LightTraits", "Meta.Voice.Samples.LightTraits.csproj", "{06C025E4-ED79-0DED-7719-F36512881623}"
EndProject
Project("{FAE04EC0-301F-11D3-BF4B-00C04F79EFBC}") = "Meta.Voice.Samples.Dictation", "Meta.Voice.Samples.Dictation.csproj", "{828CC2E6-5D45-4D3E-0758-C10971F6BEC5}"
EndProject
Project("{FAE04EC0-301F-11D3-BF4B-00C04F79EFBC}") = "Meta.Voice.Samples.Shapes", "Meta.Voice.Samples.Shapes.csproj", "{07D6C7A5-EA05-568A-A125-720CC73FB008}"
EndProject
Project("{FAE04EC0-301F-11D3-BF4B-00C04F79EFBC}") = "Oculus.Interaction.Samples.Editor", "Oculus.Interaction.Samples.Editor.csproj", "{EF2FFCAA-C1C1-B08D-F7C1-3AABAA757BCB}"
EndProject
Project("{FAE04EC0-301F-11D3-BF4B-00C04F79EFBC}") = "Meta.WitAi.TTS.Editor", "Meta.WitAi.TTS.Editor.csproj", "{BCCBDC42-977A-2A55-E008-5776E206DC25}"
EndProject
Project("{FAE04EC0-301F-11D3-BF4B-00C04F79EFBC}") = "Meta.XR.BuildingBlocks", "Meta.XR.BuildingBlocks.csproj", "{0E44FF46-738F-F3AD-82BC-0EED30B1CE81}"
EndProject
Project("{FAE04EC0-301F-11D3-BF4B-00C04F79EFBC}") = "Oculus.Spatializer", "Oculus.Spatializer.csproj", "{B1574A81-6FB9-9CF8-A7BA-9D07760B91F2}"
EndProject
Project("{FAE04EC0-301F-11D3-BF4B-00C04F79EFBC}") = "Oculus.LipSync.Editor", "Oculus.LipSync.Editor.csproj", "{7FAC5C87-7961-6806-D2B4-4D238A83B488}"
EndProject
Project("{FAE04EC0-301F-11D3-BF4B-00C04F79EFBC}") = "Oculus.AudioManager.Utils.Editor", "Oculus.AudioManager.Utils.Editor.csproj", "{7CF270A4-A7AC-5CAA-7D93-10AF4FC8521A}"
EndProject
Project("{FAE04EC0-301F-11D3-BF4B-00C04F79EFBC}") = "Meta.VoiceSDK.Mic.Common", "Meta.VoiceSDK.Mic.Common.csproj", "{09B177B8-4041-57E4-2EAA-3865FE75524F}"
EndProject
Project("{FAE04EC0-301F-11D3-BF4B-00C04F79EFBC}") = "VoiceSDK.Dictation.Editor", "VoiceSDK.Dictation.Editor.csproj", "{9EC52B85-DC6F-7AF7-A457-A2B7EE841AF5}"
EndProject
Project("{FAE04EC0-301F-11D3-BF4B-00C04F79EFBC}") = "Meta.VoiceSDK.Mic.Other", "Meta.VoiceSDK.Mic.Other.csproj", "{250FBC1C-6498-23B8-D36E-29D2EA10D610}"
EndProject
Project("{FAE04EC0-301F-11D3-BF4B-00C04F79EFBC}") = "AssistantCoreSDKEditor", "AssistantCoreSDKEditor.csproj", "{26D1C6BD-415D-3790-C704-A055ADA3CAB7}"
EndProject
Project("{FAE04EC0-301F-11D3-BF4B-00C04F79EFBC}") = "Oculus.Interaction.InterfaceSupport", "Oculus.Interaction.InterfaceSupport.csproj", "{91D3F6DC-403E-53D3-7F8C-9D8E3AD18DC6}"
EndProject
Project("{FAE04EC0-301F-11D3-BF4B-00C04F79EFBC}") = "Meta.Voice.Samples.LiveUnderstanding", "Meta.Voice.Samples.LiveUnderstanding.csproj", "{16973DAE-3CDC-101F-82CD-2C2DD4EEA102}"
EndProject
Project("{FAE04EC0-301F-11D3-BF4B-00C04F79EFBC}") = "Facebook.Wit.Dictation.Editor", "Facebook.Wit.Dictation.Editor.csproj", "{AA496B0F-B45C-DD1B-E7FD-7F9DDD957EAE}"
EndProject
Project("{FAE04EC0-301F-11D3-BF4B-00C04F79EFBC}") = "Meta.VoiceSDK.Mic.WebGL", "Meta.VoiceSDK.Mic.WebGL.csproj", "{6BCE8BDF-BE10-1744-0BC1-338D51527272}"
EndProject
Global
	GlobalSection(SolutionConfigurationPlatforms) = preSolution
		Debug|Any CPU = Debug|Any CPU
		Release|Any CPU = Release|Any CPU
	EndGlobalSection
	GlobalSection(ProjectConfigurationPlatforms) = postSolution
		{6F636900-D4F1-2740-6182-8F91DB787C3A}.Debug|Any CPU.ActiveCfg = Debug|Any CPU
		{6F636900-D4F1-2740-6182-8F91DB787C3A}.Debug|Any CPU.Build.0 = Debug|Any CPU
		{6F636900-D4F1-2740-6182-8F91DB787C3A}.Release|Any CPU.ActiveCfg = Release|Any CPU
		{6F636900-D4F1-2740-6182-8F91DB787C3A}.Release|Any CPU.Build.0 = Release|Any CPU
		{BB066C53-3F09-99DC-722B-A6DF5A4D8976}.Debug|Any CPU.ActiveCfg = Debug|Any CPU
		{BB066C53-3F09-99DC-722B-A6DF5A4D8976}.Debug|Any CPU.Build.0 = Debug|Any CPU
		{BB066C53-3F09-99DC-722B-A6DF5A4D8976}.Release|Any CPU.ActiveCfg = Release|Any CPU
		{BB066C53-3F09-99DC-722B-A6DF5A4D8976}.Release|Any CPU.Build.0 = Release|Any CPU
		{3828C9DA-FF20-364F-C324-1BFEC9339A86}.Debug|Any CPU.ActiveCfg = Debug|Any CPU
		{3828C9DA-FF20-364F-C324-1BFEC9339A86}.Debug|Any CPU.Build.0 = Debug|Any CPU
		{3828C9DA-FF20-364F-C324-1BFEC9339A86}.Release|Any CPU.ActiveCfg = Release|Any CPU
		{3828C9DA-FF20-364F-C324-1BFEC9339A86}.Release|Any CPU.Build.0 = Release|Any CPU
		{A63C70BB-9551-7AA1-C280-5CF10DE20F96}.Debug|Any CPU.ActiveCfg = Debug|Any CPU
		{A63C70BB-9551-7AA1-C280-5CF10DE20F96}.Debug|Any CPU.Build.0 = Debug|Any CPU
		{A63C70BB-9551-7AA1-C280-5CF10DE20F96}.Release|Any CPU.ActiveCfg = Release|Any CPU
		{A63C70BB-9551-7AA1-C280-5CF10DE20F96}.Release|Any CPU.Build.0 = Release|Any CPU
		{265AA695-A09A-DC2B-F241-2923E093CCAF}.Debug|Any CPU.ActiveCfg = Debug|Any CPU
		{265AA695-A09A-DC2B-F241-2923E093CCAF}.Debug|Any CPU.Build.0 = Debug|Any CPU
		{265AA695-A09A-DC2B-F241-2923E093CCAF}.Release|Any CPU.ActiveCfg = Release|Any CPU
		{265AA695-A09A-DC2B-F241-2923E093CCAF}.Release|Any CPU.Build.0 = Release|Any CPU
		{6C3EBB1F-83F4-B258-F1A5-52DAF632D9FA}.Debug|Any CPU.ActiveCfg = Debug|Any CPU
		{6C3EBB1F-83F4-B258-F1A5-52DAF632D9FA}.Debug|Any CPU.Build.0 = Debug|Any CPU
		{6C3EBB1F-83F4-B258-F1A5-52DAF632D9FA}.Release|Any CPU.ActiveCfg = Release|Any CPU
		{6C3EBB1F-83F4-B258-F1A5-52DAF632D9FA}.Release|Any CPU.Build.0 = Release|Any CPU
		{44F787B9-3770-91B3-B472-A52EDCC960A3}.Debug|Any CPU.ActiveCfg = Debug|Any CPU
		{44F787B9-3770-91B3-B472-A52EDCC960A3}.Debug|Any CPU.Build.0 = Debug|Any CPU
		{44F787B9-3770-91B3-B472-A52EDCC960A3}.Release|Any CPU.ActiveCfg = Release|Any CPU
		{44F787B9-3770-91B3-B472-A52EDCC960A3}.Release|Any CPU.Build.0 = Release|Any CPU
		{84413206-EF00-D107-9233-686769FCF288}.Debug|Any CPU.ActiveCfg = Debug|Any CPU
		{84413206-EF00-D107-9233-686769FCF288}.Debug|Any CPU.Build.0 = Debug|Any CPU
		{84413206-EF00-D107-9233-686769FCF288}.Release|Any CPU.ActiveCfg = Release|Any CPU
		{84413206-EF00-D107-9233-686769FCF288}.Release|Any CPU.Build.0 = Release|Any CPU
		{3147BC88-8911-3ABF-8246-4F1456999EAE}.Debug|Any CPU.ActiveCfg = Debug|Any CPU
		{3147BC88-8911-3ABF-8246-4F1456999EAE}.Debug|Any CPU.Build.0 = Debug|Any CPU
		{3147BC88-8911-3ABF-8246-4F1456999EAE}.Release|Any CPU.ActiveCfg = Release|Any CPU
		{3147BC88-8911-3ABF-8246-4F1456999EAE}.Release|Any CPU.Build.0 = Release|Any CPU
		{821ED17D-E40C-95B6-4251-D5B7EAA6B6C4}.Debug|Any CPU.ActiveCfg = Debug|Any CPU
		{821ED17D-E40C-95B6-4251-D5B7EAA6B6C4}.Debug|Any CPU.Build.0 = Debug|Any CPU
		{821ED17D-E40C-95B6-4251-D5B7EAA6B6C4}.Release|Any CPU.ActiveCfg = Release|Any CPU
		{821ED17D-E40C-95B6-4251-D5B7EAA6B6C4}.Release|Any CPU.Build.0 = Release|Any CPU
		{5036D142-1DBB-8BE5-7B87-82E79E30252B}.Debug|Any CPU.ActiveCfg = Debug|Any CPU
		{5036D142-1DBB-8BE5-7B87-82E79E30252B}.Debug|Any CPU.Build.0 = Debug|Any CPU
		{5036D142-1DBB-8BE5-7B87-82E79E30252B}.Release|Any CPU.ActiveCfg = Release|Any CPU
		{5036D142-1DBB-8BE5-7B87-82E79E30252B}.Release|Any CPU.Build.0 = Release|Any CPU
		{43B9222E-1F03-E593-17A2-AF4249A5D521}.Debug|Any CPU.ActiveCfg = Debug|Any CPU
		{43B9222E-1F03-E593-17A2-AF4249A5D521}.Debug|Any CPU.Build.0 = Debug|Any CPU
		{43B9222E-1F03-E593-17A2-AF4249A5D521}.Release|Any CPU.ActiveCfg = Release|Any CPU
		{43B9222E-1F03-E593-17A2-AF4249A5D521}.Release|Any CPU.Build.0 = Release|Any CPU
		{182278E0-E7E1-AE91-CE93-421070139A89}.Debug|Any CPU.ActiveCfg = Debug|Any CPU
		{182278E0-E7E1-AE91-CE93-421070139A89}.Debug|Any CPU.Build.0 = Debug|Any CPU
		{182278E0-E7E1-AE91-CE93-421070139A89}.Release|Any CPU.ActiveCfg = Release|Any CPU
		{182278E0-E7E1-AE91-CE93-421070139A89}.Release|Any CPU.Build.0 = Release|Any CPU
		{57410B1E-F721-7CCC-BF79-69823D252EF3}.Debug|Any CPU.ActiveCfg = Debug|Any CPU
		{57410B1E-F721-7CCC-BF79-69823D252EF3}.Debug|Any CPU.Build.0 = Debug|Any CPU
		{57410B1E-F721-7CCC-BF79-69823D252EF3}.Release|Any CPU.ActiveCfg = Release|Any CPU
		{57410B1E-F721-7CCC-BF79-69823D252EF3}.Release|Any CPU.Build.0 = Release|Any CPU
		{FC9B9247-A795-8AA3-2C16-C8BBD6716AF6}.Debug|Any CPU.ActiveCfg = Debug|Any CPU
		{FC9B9247-A795-8AA3-2C16-C8BBD6716AF6}.Debug|Any CPU.Build.0 = Debug|Any CPU
		{FC9B9247-A795-8AA3-2C16-C8BBD6716AF6}.Release|Any CPU.ActiveCfg = Release|Any CPU
		{FC9B9247-A795-8AA3-2C16-C8BBD6716AF6}.Release|Any CPU.Build.0 = Release|Any CPU
		{6F8D7D1D-9871-B392-1D0B-ADCA12E4B430}.Debug|Any CPU.ActiveCfg = Debug|Any CPU
		{6F8D7D1D-9871-B392-1D0B-ADCA12E4B430}.Debug|Any CPU.Build.0 = Debug|Any CPU
		{6F8D7D1D-9871-B392-1D0B-ADCA12E4B430}.Release|Any CPU.ActiveCfg = Release|Any CPU
		{6F8D7D1D-9871-B392-1D0B-ADCA12E4B430}.Release|Any CPU.Build.0 = Release|Any CPU
		{14D0DBC0-90F1-6B2F-1329-D4FBA3F275B4}.Debug|Any CPU.ActiveCfg = Debug|Any CPU
		{14D0DBC0-90F1-6B2F-1329-D4FBA3F275B4}.Debug|Any CPU.Build.0 = Debug|Any CPU
		{14D0DBC0-90F1-6B2F-1329-D4FBA3F275B4}.Release|Any CPU.ActiveCfg = Release|Any CPU
		{14D0DBC0-90F1-6B2F-1329-D4FBA3F275B4}.Release|Any CPU.Build.0 = Release|Any CPU
		{640AD0C9-4ECB-239A-43C2-D42C0C657778}.Debug|Any CPU.ActiveCfg = Debug|Any CPU
		{640AD0C9-4ECB-239A-43C2-D42C0C657778}.Debug|Any CPU.Build.0 = Debug|Any CPU
		{640AD0C9-4ECB-239A-43C2-D42C0C657778}.Release|Any CPU.ActiveCfg = Release|Any CPU
		{640AD0C9-4ECB-239A-43C2-D42C0C657778}.Release|Any CPU.Build.0 = Release|Any CPU
		{45BB0446-F0C4-E78A-21E8-FAA804A5E043}.Debug|Any CPU.ActiveCfg = Debug|Any CPU
		{45BB0446-F0C4-E78A-21E8-FAA804A5E043}.Debug|Any CPU.Build.0 = Debug|Any CPU
		{45BB0446-F0C4-E78A-21E8-FAA804A5E043}.Release|Any CPU.ActiveCfg = Release|Any CPU
		{45BB0446-F0C4-E78A-21E8-FAA804A5E043}.Release|Any CPU.Build.0 = Release|Any CPU
		{E13E735C-5C9C-A0CF-26E0-FFF724B120D6}.Debug|Any CPU.ActiveCfg = Debug|Any CPU
		{E13E735C-5C9C-A0CF-26E0-FFF724B120D6}.Debug|Any CPU.Build.0 = Debug|Any CPU
		{E13E735C-5C9C-A0CF-26E0-FFF724B120D6}.Release|Any CPU.ActiveCfg = Release|Any CPU
		{E13E735C-5C9C-A0CF-26E0-FFF724B120D6}.Release|Any CPU.Build.0 = Release|Any CPU
		{C3AA1E52-4800-A480-2AE6-6A7234B573D3}.Debug|Any CPU.ActiveCfg = Debug|Any CPU
		{C3AA1E52-4800-A480-2AE6-6A7234B573D3}.Debug|Any CPU.Build.0 = Debug|Any CPU
		{C3AA1E52-4800-A480-2AE6-6A7234B573D3}.Release|Any CPU.ActiveCfg = Release|Any CPU
		{C3AA1E52-4800-A480-2AE6-6A7234B573D3}.Release|Any CPU.Build.0 = Release|Any CPU
		{0D4C6F1C-2AA7-823D-E7BB-3DE90FDFE3F3}.Debug|Any CPU.ActiveCfg = Debug|Any CPU
		{0D4C6F1C-2AA7-823D-E7BB-3DE90FDFE3F3}.Debug|Any CPU.Build.0 = Debug|Any CPU
		{0D4C6F1C-2AA7-823D-E7BB-3DE90FDFE3F3}.Release|Any CPU.ActiveCfg = Release|Any CPU
		{0D4C6F1C-2AA7-823D-E7BB-3DE90FDFE3F3}.Release|Any CPU.Build.0 = Release|Any CPU
		{897A98C3-F26A-8D36-1F20-0D071E935C52}.Debug|Any CPU.ActiveCfg = Debug|Any CPU
		{897A98C3-F26A-8D36-1F20-0D071E935C52}.Debug|Any CPU.Build.0 = Debug|Any CPU
		{897A98C3-F26A-8D36-1F20-0D071E935C52}.Release|Any CPU.ActiveCfg = Release|Any CPU
		{897A98C3-F26A-8D36-1F20-0D071E935C52}.Release|Any CPU.Build.0 = Release|Any CPU
		{C42C672D-6FE2-6887-9DB1-94F4F711D823}.Debug|Any CPU.ActiveCfg = Debug|Any CPU
		{C42C672D-6FE2-6887-9DB1-94F4F711D823}.Debug|Any CPU.Build.0 = Debug|Any CPU
		{C42C672D-6FE2-6887-9DB1-94F4F711D823}.Release|Any CPU.ActiveCfg = Release|Any CPU
		{C42C672D-6FE2-6887-9DB1-94F4F711D823}.Release|Any CPU.Build.0 = Release|Any CPU
		{6090425C-DA03-0DF5-B51E-2C7D8281FCE4}.Debug|Any CPU.ActiveCfg = Debug|Any CPU
		{6090425C-DA03-0DF5-B51E-2C7D8281FCE4}.Debug|Any CPU.Build.0 = Debug|Any CPU
		{6090425C-DA03-0DF5-B51E-2C7D8281FCE4}.Release|Any CPU.ActiveCfg = Release|Any CPU
		{6090425C-DA03-0DF5-B51E-2C7D8281FCE4}.Release|Any CPU.Build.0 = Release|Any CPU
		{F7706772-1A9B-2E45-0AFC-08014B911C52}.Debug|Any CPU.ActiveCfg = Debug|Any CPU
		{F7706772-1A9B-2E45-0AFC-08014B911C52}.Debug|Any CPU.Build.0 = Debug|Any CPU
		{F7706772-1A9B-2E45-0AFC-08014B911C52}.Release|Any CPU.ActiveCfg = Release|Any CPU
		{F7706772-1A9B-2E45-0AFC-08014B911C52}.Release|Any CPU.Build.0 = Release|Any CPU
		{23ABA852-9552-6C74-68A7-73A1E4E29889}.Debug|Any CPU.ActiveCfg = Debug|Any CPU
		{23ABA852-9552-6C74-68A7-73A1E4E29889}.Debug|Any CPU.Build.0 = Debug|Any CPU
		{23ABA852-9552-6C74-68A7-73A1E4E29889}.Release|Any CPU.ActiveCfg = Release|Any CPU
		{23ABA852-9552-6C74-68A7-73A1E4E29889}.Release|Any CPU.Build.0 = Release|Any CPU
		{2735C2E4-D21C-6A6D-C64F-DB516F3165EA}.Debug|Any CPU.ActiveCfg = Debug|Any CPU
		{2735C2E4-D21C-6A6D-C64F-DB516F3165EA}.Debug|Any CPU.Build.0 = Debug|Any CPU
		{2735C2E4-D21C-6A6D-C64F-DB516F3165EA}.Release|Any CPU.ActiveCfg = Release|Any CPU
		{2735C2E4-D21C-6A6D-C64F-DB516F3165EA}.Release|Any CPU.Build.0 = Release|Any CPU
		{414DB854-4908-0C71-4373-807CEDD14EF3}.Debug|Any CPU.ActiveCfg = Debug|Any CPU
		{414DB854-4908-0C71-4373-807CEDD14EF3}.Debug|Any CPU.Build.0 = Debug|Any CPU
		{414DB854-4908-0C71-4373-807CEDD14EF3}.Release|Any CPU.ActiveCfg = Release|Any CPU
		{414DB854-4908-0C71-4373-807CEDD14EF3}.Release|Any CPU.Build.0 = Release|Any CPU
		{071FA133-E01B-6D86-0948-868798475788}.Debug|Any CPU.ActiveCfg = Debug|Any CPU
		{071FA133-E01B-6D86-0948-868798475788}.Debug|Any CPU.Build.0 = Debug|Any CPU
		{071FA133-E01B-6D86-0948-868798475788}.Release|Any CPU.ActiveCfg = Release|Any CPU
		{071FA133-E01B-6D86-0948-868798475788}.Release|Any CPU.Build.0 = Release|Any CPU
		{7402B49E-4657-811D-0B01-F64E63B2D81F}.Debug|Any CPU.ActiveCfg = Debug|Any CPU
		{7402B49E-4657-811D-0B01-F64E63B2D81F}.Debug|Any CPU.Build.0 = Debug|Any CPU
		{7402B49E-4657-811D-0B01-F64E63B2D81F}.Release|Any CPU.ActiveCfg = Release|Any CPU
		{7402B49E-4657-811D-0B01-F64E63B2D81F}.Release|Any CPU.Build.0 = Release|Any CPU
		{32C26109-B9C0-CAC5-B916-5C945B0E1720}.Debug|Any CPU.ActiveCfg = Debug|Any CPU
		{32C26109-B9C0-CAC5-B916-5C945B0E1720}.Debug|Any CPU.Build.0 = Debug|Any CPU
		{32C26109-B9C0-CAC5-B916-5C945B0E1720}.Release|Any CPU.ActiveCfg = Release|Any CPU
		{32C26109-B9C0-CAC5-B916-5C945B0E1720}.Release|Any CPU.Build.0 = Release|Any CPU
		{EB19F2AA-59EA-A29B-E2EB-BA9F204DBC7E}.Debug|Any CPU.ActiveCfg = Debug|Any CPU
		{EB19F2AA-59EA-A29B-E2EB-BA9F204DBC7E}.Debug|Any CPU.Build.0 = Debug|Any CPU
		{EB19F2AA-59EA-A29B-E2EB-BA9F204DBC7E}.Release|Any CPU.ActiveCfg = Release|Any CPU
		{EB19F2AA-59EA-A29B-E2EB-BA9F204DBC7E}.Release|Any CPU.Build.0 = Release|Any CPU
		{EAB65511-EDB2-F2C1-BBF2-83C20D90ECCE}.Debug|Any CPU.ActiveCfg = Debug|Any CPU
		{EAB65511-EDB2-F2C1-BBF2-83C20D90ECCE}.Debug|Any CPU.Build.0 = Debug|Any CPU
		{EAB65511-EDB2-F2C1-BBF2-83C20D90ECCE}.Release|Any CPU.ActiveCfg = Release|Any CPU
		{EAB65511-EDB2-F2C1-BBF2-83C20D90ECCE}.Release|Any CPU.Build.0 = Release|Any CPU
		{FEA95B0D-983B-912D-315F-9B30952DDED9}.Debug|Any CPU.ActiveCfg = Debug|Any CPU
		{FEA95B0D-983B-912D-315F-9B30952DDED9}.Debug|Any CPU.Build.0 = Debug|Any CPU
		{FEA95B0D-983B-912D-315F-9B30952DDED9}.Release|Any CPU.ActiveCfg = Release|Any CPU
		{FEA95B0D-983B-912D-315F-9B30952DDED9}.Release|Any CPU.Build.0 = Release|Any CPU
		{1857F95B-4F4D-3B78-FB03-B24EB3A7D2AE}.Debug|Any CPU.ActiveCfg = Debug|Any CPU
		{1857F95B-4F4D-3B78-FB03-B24EB3A7D2AE}.Debug|Any CPU.Build.0 = Debug|Any CPU
		{1857F95B-4F4D-3B78-FB03-B24EB3A7D2AE}.Release|Any CPU.ActiveCfg = Release|Any CPU
		{1857F95B-4F4D-3B78-FB03-B24EB3A7D2AE}.Release|Any CPU.Build.0 = Release|Any CPU
		{3D5E09F7-1E57-3C5E-DBC5-2A8436515146}.Debug|Any CPU.ActiveCfg = Debug|Any CPU
		{3D5E09F7-1E57-3C5E-DBC5-2A8436515146}.Debug|Any CPU.Build.0 = Debug|Any CPU
		{3D5E09F7-1E57-3C5E-DBC5-2A8436515146}.Release|Any CPU.ActiveCfg = Release|Any CPU
		{3D5E09F7-1E57-3C5E-DBC5-2A8436515146}.Release|Any CPU.Build.0 = Release|Any CPU
		{06C025E4-ED79-0DED-7719-F36512881623}.Debug|Any CPU.ActiveCfg = Debug|Any CPU
		{06C025E4-ED79-0DED-7719-F36512881623}.Debug|Any CPU.Build.0 = Debug|Any CPU
		{06C025E4-ED79-0DED-7719-F36512881623}.Release|Any CPU.ActiveCfg = Release|Any CPU
		{06C025E4-ED79-0DED-7719-F36512881623}.Release|Any CPU.Build.0 = Release|Any CPU
		{828CC2E6-5D45-4D3E-0758-C10971F6BEC5}.Debug|Any CPU.ActiveCfg = Debug|Any CPU
		{828CC2E6-5D45-4D3E-0758-C10971F6BEC5}.Debug|Any CPU.Build.0 = Debug|Any CPU
		{828CC2E6-5D45-4D3E-0758-C10971F6BEC5}.Release|Any CPU.ActiveCfg = Release|Any CPU
		{828CC2E6-5D45-4D3E-0758-C10971F6BEC5}.Release|Any CPU.Build.0 = Release|Any CPU
		{07D6C7A5-EA05-568A-A125-720CC73FB008}.Debug|Any CPU.ActiveCfg = Debug|Any CPU
		{07D6C7A5-EA05-568A-A125-720CC73FB008}.Debug|Any CPU.Build.0 = Debug|Any CPU
		{07D6C7A5-EA05-568A-A125-720CC73FB008}.Release|Any CPU.ActiveCfg = Release|Any CPU
		{07D6C7A5-EA05-568A-A125-720CC73FB008}.Release|Any CPU.Build.0 = Release|Any CPU
		{EF2FFCAA-C1C1-B08D-F7C1-3AABAA757BCB}.Debug|Any CPU.ActiveCfg = Debug|Any CPU
		{EF2FFCAA-C1C1-B08D-F7C1-3AABAA757BCB}.Debug|Any CPU.Build.0 = Debug|Any CPU
		{EF2FFCAA-C1C1-B08D-F7C1-3AABAA757BCB}.Release|Any CPU.ActiveCfg = Release|Any CPU
		{EF2FFCAA-C1C1-B08D-F7C1-3AABAA757BCB}.Release|Any CPU.Build.0 = Release|Any CPU
		{BCCBDC42-977A-2A55-E008-5776E206DC25}.Debug|Any CPU.ActiveCfg = Debug|Any CPU
		{BCCBDC42-977A-2A55-E008-5776E206DC25}.Debug|Any CPU.Build.0 = Debug|Any CPU
		{BCCBDC42-977A-2A55-E008-5776E206DC25}.Release|Any CPU.ActiveCfg = Release|Any CPU
		{BCCBDC42-977A-2A55-E008-5776E206DC25}.Release|Any CPU.Build.0 = Release|Any CPU
		{0E44FF46-738F-F3AD-82BC-0EED30B1CE81}.Debug|Any CPU.ActiveCfg = Debug|Any CPU
		{0E44FF46-738F-F3AD-82BC-0EED30B1CE81}.Debug|Any CPU.Build.0 = Debug|Any CPU
		{0E44FF46-738F-F3AD-82BC-0EED30B1CE81}.Release|Any CPU.ActiveCfg = Release|Any CPU
		{0E44FF46-738F-F3AD-82BC-0EED30B1CE81}.Release|Any CPU.Build.0 = Release|Any CPU
		{B1574A81-6FB9-9CF8-A7BA-9D07760B91F2}.Debug|Any CPU.ActiveCfg = Debug|Any CPU
		{B1574A81-6FB9-9CF8-A7BA-9D07760B91F2}.Debug|Any CPU.Build.0 = Debug|Any CPU
		{B1574A81-6FB9-9CF8-A7BA-9D07760B91F2}.Release|Any CPU.ActiveCfg = Release|Any CPU
		{B1574A81-6FB9-9CF8-A7BA-9D07760B91F2}.Release|Any CPU.Build.0 = Release|Any CPU
		{7FAC5C87-7961-6806-D2B4-4D238A83B488}.Debug|Any CPU.ActiveCfg = Debug|Any CPU
		{7FAC5C87-7961-6806-D2B4-4D238A83B488}.Debug|Any CPU.Build.0 = Debug|Any CPU
		{7FAC5C87-7961-6806-D2B4-4D238A83B488}.Release|Any CPU.ActiveCfg = Release|Any CPU
		{7FAC5C87-7961-6806-D2B4-4D238A83B488}.Release|Any CPU.Build.0 = Release|Any CPU
		{7CF270A4-A7AC-5CAA-7D93-10AF4FC8521A}.Debug|Any CPU.ActiveCfg = Debug|Any CPU
		{7CF270A4-A7AC-5CAA-7D93-10AF4FC8521A}.Debug|Any CPU.Build.0 = Debug|Any CPU
		{7CF270A4-A7AC-5CAA-7D93-10AF4FC8521A}.Release|Any CPU.ActiveCfg = Release|Any CPU
		{7CF270A4-A7AC-5CAA-7D93-10AF4FC8521A}.Release|Any CPU.Build.0 = Release|Any CPU
		{09B177B8-4041-57E4-2EAA-3865FE75524F}.Debug|Any CPU.ActiveCfg = Debug|Any CPU
		{09B177B8-4041-57E4-2EAA-3865FE75524F}.Debug|Any CPU.Build.0 = Debug|Any CPU
		{09B177B8-4041-57E4-2EAA-3865FE75524F}.Release|Any CPU.ActiveCfg = Release|Any CPU
		{09B177B8-4041-57E4-2EAA-3865FE75524F}.Release|Any CPU.Build.0 = Release|Any CPU
		{9EC52B85-DC6F-7AF7-A457-A2B7EE841AF5}.Debug|Any CPU.ActiveCfg = Debug|Any CPU
		{9EC52B85-DC6F-7AF7-A457-A2B7EE841AF5}.Debug|Any CPU.Build.0 = Debug|Any CPU
		{9EC52B85-DC6F-7AF7-A457-A2B7EE841AF5}.Release|Any CPU.ActiveCfg = Release|Any CPU
		{9EC52B85-DC6F-7AF7-A457-A2B7EE841AF5}.Release|Any CPU.Build.0 = Release|Any CPU
		{250FBC1C-6498-23B8-D36E-29D2EA10D610}.Debug|Any CPU.ActiveCfg = Debug|Any CPU
		{250FBC1C-6498-23B8-D36E-29D2EA10D610}.Debug|Any CPU.Build.0 = Debug|Any CPU
		{250FBC1C-6498-23B8-D36E-29D2EA10D610}.Release|Any CPU.ActiveCfg = Release|Any CPU
		{250FBC1C-6498-23B8-D36E-29D2EA10D610}.Release|Any CPU.Build.0 = Release|Any CPU
		{26D1C6BD-415D-3790-C704-A055ADA3CAB7}.Debug|Any CPU.ActiveCfg = Debug|Any CPU
		{26D1C6BD-415D-3790-C704-A055ADA3CAB7}.Debug|Any CPU.Build.0 = Debug|Any CPU
		{26D1C6BD-415D-3790-C704-A055ADA3CAB7}.Release|Any CPU.ActiveCfg = Release|Any CPU
		{26D1C6BD-415D-3790-C704-A055ADA3CAB7}.Release|Any CPU.Build.0 = Release|Any CPU
		{91D3F6DC-403E-53D3-7F8C-9D8E3AD18DC6}.Debug|Any CPU.ActiveCfg = Debug|Any CPU
		{91D3F6DC-403E-53D3-7F8C-9D8E3AD18DC6}.Debug|Any CPU.Build.0 = Debug|Any CPU
		{91D3F6DC-403E-53D3-7F8C-9D8E3AD18DC6}.Release|Any CPU.ActiveCfg = Release|Any CPU
		{91D3F6DC-403E-53D3-7F8C-9D8E3AD18DC6}.Release|Any CPU.Build.0 = Release|Any CPU
		{16973DAE-3CDC-101F-82CD-2C2DD4EEA102}.Debug|Any CPU.ActiveCfg = Debug|Any CPU
		{16973DAE-3CDC-101F-82CD-2C2DD4EEA102}.Debug|Any CPU.Build.0 = Debug|Any CPU
		{16973DAE-3CDC-101F-82CD-2C2DD4EEA102}.Release|Any CPU.ActiveCfg = Release|Any CPU
		{16973DAE-3CDC-101F-82CD-2C2DD4EEA102}.Release|Any CPU.Build.0 = Release|Any CPU
		{AA496B0F-B45C-DD1B-E7FD-7F9DDD957EAE}.Debug|Any CPU.ActiveCfg = Debug|Any CPU
		{AA496B0F-B45C-DD1B-E7FD-7F9DDD957EAE}.Debug|Any CPU.Build.0 = Debug|Any CPU
		{AA496B0F-B45C-DD1B-E7FD-7F9DDD957EAE}.Release|Any CPU.ActiveCfg = Release|Any CPU
		{AA496B0F-B45C-DD1B-E7FD-7F9DDD957EAE}.Release|Any CPU.Build.0 = Release|Any CPU
		{6BCE8BDF-BE10-1744-0BC1-338D51527272}.Debug|Any CPU.ActiveCfg = Debug|Any CPU
		{6BCE8BDF-BE10-1744-0BC1-338D51527272}.Debug|Any CPU.Build.0 = Debug|Any CPU
		{6BCE8BDF-BE10-1744-0BC1-338D51527272}.Release|Any CPU.ActiveCfg = Release|Any CPU
		{6BCE8BDF-BE10-1744-0BC1-338D51527272}.Release|Any CPU.Build.0 = Release|Any CPU
	EndGlobalSection
	GlobalSection(SolutionProperties) = preSolution
		HideSolutionNode = FALSE
	EndGlobalSection
EndGlobal
